<?xml version="1.0" encoding="utf-8"?>
<Project ToolsVersion="4.0" xmlns="http://schemas.microsoft.com/developer/msbuild/2003">
  <ItemGroup>
    <Filter Include="Source Files">
      <UniqueIdentifier>{4FC737F1-C7A5-4376-A066-2A32D752A2FF}</UniqueIdentifier>
      <Extensions>cpp;c;cc;cxx;def;odl;idl;hpj;bat;asm;asmx</Extensions>
    </Filter>
    <Filter Include="Header Files">
      <UniqueIdentifier>{93995380-89BD-4b04-88EB-625FBE52EBFB}</UniqueIdentifier>
      <Extensions>h;hh;hpp;hxx;hm;inl;inc;xsd</Extensions>
    </Filter>
    <Filter Include="Form Files">
      <UniqueIdentifier>{99349809-55BA-4b9d-BF79-8FDBB0286EB3}</UniqueIdentifier>
      <Extensions>ui</Extensions>
    </Filter>
    <Filter Include="Resource Files">
      <UniqueIdentifier>{D9D6E242-F8AF-46E4-B9FD-80ECBC20BA3E}</UniqueIdentifier>
      <Extensions>qrc;*</Extensions>
      <ParseFiles>false</ParseFiles>
    </Filter>
    <Filter Include="Generated Files">
      <UniqueIdentifier>{71ED8ED8-ACB9-4CE9-BBE1-E00B30144E11}</UniqueIdentifier>
      <Extensions>moc;h;cpp</Extensions>
      <SourceControlFiles>False</SourceControlFiles>
    </Filter>
    <Filter Include="Generated Files\Debug">
      <UniqueIdentifier>{491eac5f-64c5-4be9-9457-18fc2170d005}</UniqueIdentifier>
      <Extensions>cpp;moc</Extensions>
      <SourceControlFiles>False</SourceControlFiles>
    </Filter>
    <Filter Include="Generated Files\Release">
      <UniqueIdentifier>{51deecc1-8d40-4fd8-8bfe-70e1b6b13e55}</UniqueIdentifier>
      <Extensions>cpp;moc</Extensions>
      <SourceControlFiles>False</SourceControlFiles>
    </Filter>
    <Filter Include="rc">
      <UniqueIdentifier>{24f7e71b-f66a-49ec-81a6-b58d707a8c50}</UniqueIdentifier>
    </Filter>
    <Filter Include="Resource Files">
      <UniqueIdentifier>{D9D6E242-F8AF-46E4-B9FD-80ECBC20BA3E}</UniqueIdentifier>
      <Extensions>qrc;*</Extensions>
      <ParseFiles>false</ParseFiles>
    </Filter>
    <Filter Include="qxtglobalshortcut">
      <UniqueIdentifier>{6c86f977-3245-44bf-a558-cab952f36042}</UniqueIdentifier>
    </Filter>
  </ItemGroup>
  <ItemGroup>
    <ClCompile Include="main.cpp">
      <Filter>Source Files</Filter>
    </ClCompile>
    <ClCompile Include="Acc.cpp">
      <Filter>Source Files</Filter>
    </ClCompile>
    <ClCompile Include="GeneratedFiles\Debug\moc_Acc.cpp">
      <Filter>Generated Files\Debug</Filter>
    </ClCompile>
    <ClCompile Include="GeneratedFiles\Release\moc_Acc.cpp">
      <Filter>Generated Files\Release</Filter>
    </ClCompile>
    <ClCompile Include="GeneratedFiles\qrc_Acc.cpp">
      <Filter>Generated Files</Filter>
    </ClCompile>
    <ClCompile Include="GeneratedFiles\qrc_darkstyle.cpp">
      <Filter>Generated Files</Filter>
    </ClCompile>
    <ClCompile Include="GeneratedFiles\Debug\moc_FramelessWidget.cpp">
      <Filter>Generated Files\Debug</Filter>
    </ClCompile>
    <ClCompile Include="GeneratedFiles\Release\moc_FramelessWidget.cpp">
      <Filter>Generated Files\Release</Filter>
    </ClCompile>
    <ClCompile Include="FramelessWidget.cpp">
      <Filter>Source Files</Filter>
    </ClCompile>
    <ClCompile Include="GeneratedFiles\Debug\moc_SystemTray.cpp">
      <Filter>Generated Files\Debug</Filter>
    </ClCompile>
    <ClCompile Include="GeneratedFiles\Release\moc_SystemTray.cpp">
      <Filter>Generated Files\Release</Filter>
    </ClCompile>
    <ClCompile Include="SystemTray.cpp">
      <Filter>Source Files</Filter>
    </ClCompile>
    <ClCompile Include="GeneratedFiles\Debug\moc_MainWidget.cpp">
      <Filter>Generated Files\Debug</Filter>
    </ClCompile>
    <ClCompile Include="GeneratedFiles\Release\moc_MainWidget.cpp">
      <Filter>Generated Files\Release</Filter>
    </ClCompile>
    <ClCompile Include="MainWidget.cpp">
      <Filter>Source Files</Filter>
    </ClCompile>
    <ClCompile Include="qxtglobalshortcut\qxtglobal.cpp">
      <Filter>qxtglobalshortcut</Filter>
    </ClCompile>
    <ClCompile Include="qxtglobalshortcut\qxtglobalshortcut.cpp">
      <Filter>qxtglobalshortcut</Filter>
    </ClCompile>
    <ClCompile Include="GeneratedFiles\Debug\moc_qxtglobalshortcut.cpp">
      <Filter>Generated Files\Debug</Filter>
    </ClCompile>
    <ClCompile Include="GeneratedFiles\Release\moc_qxtglobalshortcut.cpp">
      <Filter>Generated Files\Release</Filter>
    </ClCompile>
    <ClCompile Include="qxtglobalshortcut\qxtglobalshortcut_win.cpp">
      <Filter>qxtglobalshortcut</Filter>
    </ClCompile>
    <ClCompile Include="Util.cpp">
      <Filter>Source Files</Filter>
    </ClCompile>
    <ClCompile Include="GeneratedFiles\Debug\moc_LnkListView.cpp">
      <Filter>Generated Files\Debug</Filter>
    </ClCompile>
    <ClCompile Include="GeneratedFiles\Release\moc_LnkListView.cpp">
      <Filter>Generated Files\Release</Filter>
    </ClCompile>
    <ClCompile Include="LnkListView.cpp">
      <Filter>Source Files</Filter>
    </ClCompile>
    <ClCompile Include="GeneratedFiles\Debug\moc_LnkModel.cpp">
      <Filter>Generated Files\Debug</Filter>
    </ClCompile>
    <ClCompile Include="GeneratedFiles\Release\moc_LnkModel.cpp">
      <Filter>Generated Files\Release</Filter>
    </ClCompile>
    <ClCompile Include="LnkModel.cpp">
      <Filter>Source Files</Filter>
    </ClCompile>
    <ClCompile Include="GeneratedFiles\Debug\moc_LnkItemDelegate.cpp">
      <Filter>Generated Files\Debug</Filter>
    </ClCompile>
    <ClCompile Include="GeneratedFiles\Release\moc_LnkItemDelegate.cpp">
      <Filter>Generated Files\Release</Filter>
    </ClCompile>
    <ClCompile Include="LnkItemDelegate.cpp">
      <Filter>Source Files</Filter>
    </ClCompile>
  </ItemGroup>
  <ItemGroup>
    <CustomBuild Include="Acc.h">
      <Filter>Header Files</Filter>
    </CustomBuild>
    <CustomBuild Include="rc\Acc.qrc">
      <Filter>rc</Filter>
    </CustomBuild>
    <CustomBuild Include="rc\darkstyle.qrc">
      <Filter>rc</Filter>
    </CustomBuild>
    <CustomBuild Include="FramelessWidget.h">
      <Filter>Header Files</Filter>
    </CustomBuild>
    <CustomBuild Include="SystemTray.h">
      <Filter>Header Files</Filter>
    </CustomBuild>
    <CustomBuild Include="MainWidget.h">
      <Filter>Header Files</Filter>
    </CustomBuild>
    <CustomBuild Include="qxtglobalshortcut\qxtglobalshortcut.h">
      <Filter>qxtglobalshortcut</Filter>
    </CustomBuild>
    <CustomBuild Include="Util.h">
      <Filter>Header Files</Filter>
    </CustomBuild>
    <CustomBuild Include="LnkListView.h">
      <Filter>Header Files</Filter>
    </CustomBuild>
    <CustomBuild Include="LnkModel.h">
      <Filter>Header Files</Filter>
    </CustomBuild>
    <CustomBuild Include="LnkItemDelegate.h">
      <Filter>Header Files</Filter>
    </CustomBuild>
  </ItemGroup>
  <ItemGroup>
    <ClInclude Include="DarkStyle.h">
      <Filter>Header Files</Filter>
    </ClInclude>
    <ClInclude Include="rc\resource.h">
      <Filter>Header Files</Filter>
    </ClInclude>
    <ClInclude Include="Constants.h">
      <Filter>Header Files</Filter>
    </ClInclude>
    <ClInclude Include="qxtglobalshortcut\qxtglobal.h">
      <Filter>qxtglobalshortcut</Filter>
    </ClInclude>
    <ClInclude Include="qxtglobalshortcut\qxtglobalshortcut_p.h">
      <Filter>qxtglobalshortcut</Filter>
    </ClInclude>
  </ItemGroup>
  <ItemGroup>
    <None Include="rc\darkstyle\darkstyle.qss">
      <Filter>Resource Files</Filter>
    </None>
  </ItemGroup>
  <ItemGroup>
    <Image Include="rc\darkstyle\icon_close.png">
      <Filter>Resource Files</Filter>
    </Image>
    <Image Include="rc\darkstyle\icon_undock.png">
      <Filter>Resource Files</Filter>
    </Image>
    <Image Include="rc\darkstyle\icon_branch_closed.png">
      <Filter>Resource Files</Filter>
    </Image>
    <Image Include="rc\darkstyle\icon_branch_end.png">
      <Filter>Resource Files</Filter>
    </Image>
    <Image Include="rc\darkstyle\icon_branch_more.png">
      <Filter>Resource Files</Filter>
    </Image>
    <Image Include="rc\darkstyle\icon_branch_open.png">
      <Filter>Resource Files</Filter>
    </Image>
    <Image Include="rc\darkstyle\icon_vline.png">
      <Filter>Resource Files</Filter>
    </Image>
    <Image Include="rc\darkstyle\icon_checkbox_checked.png">
      <Filter>Resource Files</Filter>
    </Image>
    <Image Include="rc\darkstyle\icon_checkbox_indeterminate.png">
      <Filter>Resource Files</Filter>
    </Image>
    <Image Include="rc\darkstyle\icon_checkbox_unchecked.png">
      <Filter>Resource Files</Filter>
    </Image>
    <Image Include="rc\darkstyle\icon_checkbox_checked_pressed.png">
      <Filter>Resource Files</Filter>
    </Image>
    <Image Include="rc\darkstyle\icon_checkbox_indeterminate_pressed.png">
      <Filter>Resource Files</Filter>
    </Image>
    <Image Include="rc\darkstyle\icon_checkbox_unchecked_pressed.png">
      <Filter>Resource Files</Filter>
    </Image>
    <Image Include="rc\darkstyle\icon_checkbox_checked_disabled.png">
      <Filter>Resource Files</Filter>
    </Image>
    <Image Include="rc\darkstyle\icon_checkbox_indeterminate_disabled.png">
      <Filter>Resource Files</Filter>
    </Image>
    <Image Include="rc\darkstyle\icon_checkbox_unchecked_disabled.png">
      <Filter>Resource Files</Filter>
    </Image>
    <Image Include="rc\darkstyle\icon_radiobutton_checked.png">
      <Filter>Resource Files</Filter>
    </Image>
    <Image Include="rc\darkstyle\icon_radiobutton_unchecked.png">
      <Filter>Resource Files</Filter>
    </Image>
    <Image Include="rc\darkstyle\icon_radiobutton_checked_pressed.png">
      <Filter>Resource Files</Filter>
    </Image>
    <Image Include="rc\darkstyle\icon_radiobutton_unchecked_pressed.png">
      <Filter>Resource Files</Filter>
    </Image>
    <Image Include="rc\darkstyle\icon_radiobutton_checked_disabled.png">
      <Filter>Resource Files</Filter>
    </Image>
    <Image Include="rc\darkstyle\icon_radiobutton_unchecked_disabled.png">
      <Filter>Resource Files</Filter>
    </Image>
    <Image Include="rc\images\Acc.ico" />
  </ItemGroup>
</Project>